// !$*UTF8*$!
{
	archiveVersion = 1;
	classes = {
	};
	objectVersion = 77;
	objects = {

/* Begin PBXBuildFile section */
		00ED29F9FE9139AF4188F9C1 /* ShareEntryButton.swift in Sources */ = {isa = PBXBuildFile; fileRef = 31F5475D3D092213CDF9172F /* ShareEntryButton.swift */; };
		03B73C2C45EB80D96D61EEB5 /* LocationServiceTests.swift in Sources */ = {isa = PBXBuildFile; fileRef = EA977E72449CB74164D357A6 /* LocationServiceTests.swift */; };
		09C750A7E15A94B6599FB1E3 /* CamorkButton.swift in Sources */ = {isa = PBXBuildFile; fileRef = D6964EA516629442CFF13685 /* CamorkButton.swift */; };
		0D2E1D87394C839B6218EE15 /* FakeFileOps.swift in Sources */ = {isa = PBXBuildFile; fileRef = F3C38F7008B7B0410BC3F53C /* FakeFileOps.swift */; };
		0D47568153AED973C0FC29B2 /* ThemeTests.swift in Sources */ = {isa = PBXBuildFile; fileRef = 8AC256ACE3DBEF7B04AF92E9 /* ThemeTests.swift */; };
		0E23B71EB31E072252327CC4 /* SessionInfoEditSheet.swift in Sources */ = {isa = PBXBuildFile; fileRef = 07BF291EFDB937EF96114901 /* SessionInfoEditSheet.swift */; };
		102F4B5B8A3E2D1D36C9C558 /* ShareSheetController.swift in Sources */ = {isa = PBXBuildFile; fileRef = 81818A34D96A3AFAC9B8F8F6 /* ShareSheetController.swift */; };
		15180F70E1BA4C15785E5970 /* ExifBuilder.swift in Sources */ = {isa = PBXBuildFile; fileRef = 5A54AD5C852EA21CCC9EB059 /* ExifBuilder.swift */; };
		15620BDD74AEB365394CB457 /* SessionInfoEditor.swift in Sources */ = {isa = PBXBuildFile; fileRef = E48AD1B2DF3CBB981248F0A2 /* SessionInfoEditor.swift */; };
		1DA51EEBFBEFDE36127DFA4B /* CameraScreen.swift in Sources */ = {isa = PBXBuildFile; fileRef = 7EC5AAB226ED33D6CFC78C2F /* CameraScreen.swift */; };
		1EA7A05186D76B980FB76848 /* MediaFileSystem.swift in Sources */ = {isa = PBXBuildFile; fileRef = 1135387DE16AF24D3D4B32C6 /* MediaFileSystem.swift */; };
		238BB0C43C9CB171DAEA083F /* MediaStorageTestHooks.swift in Sources */ = {isa = PBXBuildFile; fileRef = D57A1F580AB460488E3FEF55 /* MediaStorageTestHooks.swift */; };
		256B247318CA41F0E5F3833D /* Colors.swift in Sources */ = {isa = PBXBuildFile; fileRef = 3C05D0B6C6E4B6A157F9012C /* Colors.swift */; };
		2DEE4A050802F4473FB066A0 /* MigrationsTests.swift in Sources */ = {isa = PBXBuildFile; fileRef = E53E92A1DDDDD46116AC0877 /* MigrationsTests.swift */; };
		33636B69F3241E9CCDCE1C82 /* SessionNameEditSheet.swift in Sources */ = {isa = PBXBuildFile; fileRef = 9BCED103095DA1693814ADAB /* SessionNameEditSheet.swift */; };
		3740BD15892EDD4BF1006AB6 /* SharePreparerTests.swift in Sources */ = {isa = PBXBuildFile; fileRef = 7EAACC9EF90B0378F71C1269 /* SharePreparerTests.swift */; };
		3AC4108BB10CA62BB0A23D68 /* GalleryPlaceholderView.swift in Sources */ = {isa = PBXBuildFile; fileRef = 2D512AE4280E1BBD6A543156 /* GalleryPlaceholderView.swift */; };
		3DC0586038B7FE039E1BE63B /* ShareSanitizer.swift in Sources */ = {isa = PBXBuildFile; fileRef = 64E822718BB4E84C39AA5CE7 /* ShareSanitizer.swift */; };
		417863673FE447DFE2848780 /* CameraSession.swift in Sources */ = {isa = PBXBuildFile; fileRef = 661C72790B8B0D9C11813E0A /* CameraSession.swift */; };
		41F505843C93B41BCD66A12E /* AppLockControllerTests.swift in Sources */ = {isa = PBXBuildFile; fileRef = 3C9B829D3F5CAE879B4D63C5 /* AppLockControllerTests.swift */; };
		42EEF308903DC1C6B8F66B92 /* CameraPlaceholderView.swift in Sources */ = {isa = PBXBuildFile; fileRef = 896A453377FAFC4AAF165144 /* CameraPlaceholderView.swift */; };
		45499F188C28B8E4CEE76947 /* Photo.swift in Sources */ = {isa = PBXBuildFile; fileRef = BAEBA8FB0AD1A64BAFF6E873 /* Photo.swift */; };
		4751C8016E6E90472FACE3BA /* ColorsTests.swift in Sources */ = {isa = PBXBuildFile; fileRef = D8DD1F9FE7FEA975A76A23C8 /* ColorsTests.swift */; };
		4A9C7007B8B9294EEE547473 /* ThumbnailGeneratorTests.swift in Sources */ = {isa = PBXBuildFile; fileRef = A52900B223EEF495625FBF0E /* ThumbnailGeneratorTests.swift */; };
		4B47B53DAC53EFE4D47661BB /* CameraScreenViewStateTests.swift in Sources */ = {isa = PBXBuildFile; fileRef = C8BB5CBC6E53DD577674197F /* CameraScreenViewStateTests.swift */; };
		4E12AC69BC0ECE687EE344B5 /* ThumbnailCoordinator.swift in Sources */ = {isa = PBXBuildFile; fileRef = 27D961C06607530A8BC0CDE6 /* ThumbnailCoordinator.swift */; };
		52A3E8CB0CC86C07B88E4C19 /* CameraSessionBuilder.swift in Sources */ = {isa = PBXBuildFile; fileRef = 799C103081B5005405E05A45 /* CameraSessionBuilder.swift */; };
		5785FA4B3289DE094819C769 /* ShareSanitizerTests.swift in Sources */ = {isa = PBXBuildFile; fileRef = 7C9F7A812953C127A3A3CE54 /* ShareSanitizerTests.swift */; };
		5B5703AC7C6483B93DB293BA /* SessionAssignmentPolicy.swift in Sources */ = {isa = PBXBuildFile; fileRef = 15365BFC4128B29ABB9D9EE1 /* SessionAssignmentPolicy.swift */; };
		64A84F599216BA18D6D9DAA2 /* ExifBuilderTests.swift in Sources */ = {isa = PBXBuildFile; fileRef = 787351D0F6236E4F0838CE92 /* ExifBuilderTests.swift */; };
		66CB2DC0230556B6112B7DC7 /* PhotoMemoEditor.swift in Sources */ = {isa = PBXBuildFile; fileRef = 8A931643B8B1BD2A58F7A8D7 /* PhotoMemoEditor.swift */; };
		67A3EF2799F4D431B8D37681 /* SessionNoteEditSheet.swift in Sources */ = {isa = PBXBuildFile; fileRef = 52C80ED1C0028BD1D84F4358 /* SessionNoteEditSheet.swift */; };
		689B151B95C5A78F815A7ED2 /* Migrations.swift in Sources */ = {isa = PBXBuildFile; fileRef = C5D86B7445F8235736D9E1DB /* Migrations.swift */; };
		6BA14EDA68E3D44BF32D733C /* AppBackgroundShield.swift in Sources */ = {isa = PBXBuildFile; fileRef = D174F2FDA24F471B4AE62E98 /* AppBackgroundShield.swift */; };
		6CFDF4B17545B466151FB8A9 /* SessionNameEditor.swift in Sources */ = {isa = PBXBuildFile; fileRef = AAD356D2E9206B35CDE4E3C2 /* SessionNameEditor.swift */; };
		6EC549FB622FB4C0CB2602DE /* DependencyContainer.swift in Sources */ = {isa = PBXBuildFile; fileRef = D5C736A508723254B09D0D47 /* DependencyContainer.swift */; };
		6F87E648BDFF6D4EFEDC2E92 /* ExifData.swift in Sources */ = {isa = PBXBuildFile; fileRef = 84249623116F71C2B7E2F8D1 /* ExifData.swift */; };
		6F8EFEC1F504BD357CB944CD /* PhotoMemoEditorTests.swift in Sources */ = {isa = PBXBuildFile; fileRef = EB41480763FDF67C2603A832 /* PhotoMemoEditorTests.swift */; };
		7350EA82727FFDA235B1269F /* Theme.swift in Sources */ = {isa = PBXBuildFile; fileRef = 88F466C97AE444836B684994 /* Theme.swift */; };
		736638AEDA70D44F5E4E2A29 /* CamorkBundleToken.swift in Sources */ = {isa = PBXBuildFile; fileRef = E02283BCB302917BF6C93593 /* CamorkBundleToken.swift */; };
		753FE5FE09FE3376C7DAD493 /* PhotoCapturePayload.swift in Sources */ = {isa = PBXBuildFile; fileRef = F35A4A39F053511E7878E671 /* PhotoCapturePayload.swift */; };
		7568D9FC2A05ABA3DB652F1F /* MediaCapture.swift in Sources */ = {isa = PBXBuildFile; fileRef = A6165FFA504FB244DB02F113 /* MediaCapture.swift */; };
		75EB773C45562339A9725378 /* CamorkApp.swift in Sources */ = {isa = PBXBuildFile; fileRef = 6C13B28107AE53591B28E00D /* CamorkApp.swift */; };
		7607B0ADEE33372DA537EF17 /* PermissionsService.swift in Sources */ = {isa = PBXBuildFile; fileRef = 14B888956B201EB0ED26CC34 /* PermissionsService.swift */; };
		783089B6F039897643303D42 /* SessionNoteEditor.swift in Sources */ = {isa = PBXBuildFile; fileRef = D5C8382767397212E867C33A /* SessionNoteEditor.swift */; };
		7AE50E4A6965593F64CFDFBB /* PhotoDetailView.swift in Sources */ = {isa = PBXBuildFile; fileRef = F76FA386DB3DC189FACB4BD8 /* PhotoDetailView.swift */; };
		7B9130099B6A6AD35FCBBE56 /* SessionInfoEditorTests.swift in Sources */ = {isa = PBXBuildFile; fileRef = 6C078AD0FFA38387D8294DDE /* SessionInfoEditorTests.swift */; };
		826EA30B2A59E53732EB86BE /* RootTabView.swift in Sources */ = {isa = PBXBuildFile; fileRef = 0793057E915500151F00536A /* RootTabView.swift */; };
		82E43053C6FA4681B8E1656D /* CameraView.swift in Sources */ = {isa = PBXBuildFile; fileRef = 28976A486B5F969E3D7132BD /* CameraView.swift */; };
		852F72BE39CAF8EBC332482C /* TrashScreen.swift in Sources */ = {isa = PBXBuildFile; fileRef = B6B8F220B91B8B822AF83106 /* TrashScreen.swift */; };
		857F58097954C0F289DA7D3A /* FileOps.swift in Sources */ = {isa = PBXBuildFile; fileRef = 1D80A7C2E5BF1E243F855544 /* FileOps.swift */; };
		8779178B282469B716CF473E /* LocationSnapshot.swift in Sources */ = {isa = PBXBuildFile; fileRef = 6F1E97C1EB09F8B6CFE74C30 /* LocationSnapshot.swift */; };
		882EF0419F5EB16C27098C9C /* LockScreen.swift in Sources */ = {isa = PBXBuildFile; fileRef = C835D1E8C66980FE2C951C51 /* LockScreen.swift */; };
		925CE1EE8BCAE6B0D42791C5 /* PermissionsServiceTests.swift in Sources */ = {isa = PBXBuildFile; fileRef = A7949544384DA8358A0924E4 /* PermissionsServiceTests.swift */; };
		94481241DC90A6DDBFFBE56E /* SessionNoteEditorTests.swift in Sources */ = {isa = PBXBuildFile; fileRef = 1ED2309B7A38D8B95C65553C /* SessionNoteEditorTests.swift */; };
		96C562002F463965117DFA92 /* SessionCardView.swift in Sources */ = {isa = PBXBuildFile; fileRef = 86F03241D9611547DAA1B731 /* SessionCardView.swift */; };
		9D3CD57FEE57940FE92A7CFA /* MediaKind.swift in Sources */ = {isa = PBXBuildFile; fileRef = 4060BBD50C4F4F506321101D /* MediaKind.swift */; };
		A2574451B96BF30FC264A335 /* Database.swift in Sources */ = {isa = PBXBuildFile; fileRef = 29E6B68E8E8F1C5D13005D96 /* Database.swift */; };
		A553460CEEB3EBFB50B986EB /* CameraViewTests.swift in Sources */ = {isa = PBXBuildFile; fileRef = 2E5A5A387F0FBEC936117F30 /* CameraViewTests.swift */; };
		A7BE864ECAF18B32CF323A29 /* MediaStorage.swift in Sources */ = {isa = PBXBuildFile; fileRef = 9CC19C01569B96793E8631B7 /* MediaStorage.swift */; };
		A7C8D9BE0F391D659FDEFE4E /* SessionDetailScreen.swift in Sources */ = {isa = PBXBuildFile; fileRef = 8D617F52812535550DBADD34 /* SessionDetailScreen.swift */; };
		AED2F21A3054B8DA752AA6EA /* StorageInitErrorView.swift in Sources */ = {isa = PBXBuildFile; fileRef = 9CE1680BB543934E6AD0E068 /* StorageInitErrorView.swift */; };
		AF420CFC8DB57C9A3E40088E /* CamorkButtonStyleTests.swift in Sources */ = {isa = PBXBuildFile; fileRef = 37A63CE129F9BABF9CF5C2CB /* CamorkButtonStyleTests.swift */; };
		B0953678A79E7DFE47009668 /* SettingsScreen.swift in Sources */ = {isa = PBXBuildFile; fileRef = AA39AC0443497D9FA05B1033 /* SettingsScreen.swift */; };
		B60561066591C0B30242F9A8 /* Assets.xcassets in Resources */ = {isa = PBXBuildFile; fileRef = 9E16FBB8537135AEAA25D510 /* Assets.xcassets */; };
		B84BB8098D7C6AA3B9E30BB1 /* ThumbnailView.swift in Sources */ = {isa = PBXBuildFile; fileRef = 8F73F1A7B610A55DC45C684E /* ThumbnailView.swift */; };
		B857F7690248E93756CB3E4B /* SessionAssignmentPolicyTests.swift in Sources */ = {isa = PBXBuildFile; fileRef = 5D9F1F9DDEB786AF738C20C3 /* SessionAssignmentPolicyTests.swift */; };
		BA64891748EA915043EDC498 /* AppLockController.swift in Sources */ = {isa = PBXBuildFile; fileRef = 038C9692A09C23A3B38A8CD2 /* AppLockController.swift */; };
		BC7092E9DF830E65D31BE56C /* CameraSessionBuilderTests.swift in Sources */ = {isa = PBXBuildFile; fileRef = 011CB7727F2E126FACF16879 /* CameraSessionBuilderTests.swift */; };
		BD254E1236CDC71DA1B02956 /* CamorkCard.swift in Sources */ = {isa = PBXBuildFile; fileRef = 5BD835FD946EBD3E7DE1CE14 /* CamorkCard.swift */; };
		C1DD0D41120A976F838C5AA2 /* SettingsPlaceholderView.swift in Sources */ = {isa = PBXBuildFile; fileRef = DA5551989CAD799D55F626B9 /* SettingsPlaceholderView.swift */; };
		C9657E5A0E90F9BFD85A16A0 /* SessionNameEditorTests.swift in Sources */ = {isa = PBXBuildFile; fileRef = 11EA37EC593C52C6B57E60AE /* SessionNameEditorTests.swift */; };
		D10176543AB36929C85D6372 /* Localizable.xcstrings in Resources */ = {isa = PBXBuildFile; fileRef = 4BD3E8CC262B2CCF547DB4C2 /* Localizable.xcstrings */; };
		D42D64BD27743B8197CF9C4A /* CameraScreenViewState.swift in Sources */ = {isa = PBXBuildFile; fileRef = F8F647C564FEFC7F0700A4B6 /* CameraScreenViewState.swift */; };
		D984AB4C8CC6763DAE0699A0 /* GalleryScreen.swift in Sources */ = {isa = PBXBuildFile; fileRef = 9A70731930ECAC8918007E82 /* GalleryScreen.swift */; };
		D9A8DD8CE35568073272E4F1 /* MediaStorageTests.swift in Sources */ = {isa = PBXBuildFile; fileRef = 018C78605008CB210A51B479 /* MediaStorageTests.swift */; };
		DAC864606CEE84270F9BF4AD /* Session.swift in Sources */ = {isa = PBXBuildFile; fileRef = 49D586B2ABCEDC23AB14D4EA /* Session.swift */; };
		DC0532E20909F08A139C0D34 /* LocationService.swift in Sources */ = {isa = PBXBuildFile; fileRef = AA140D0E346D56C7AA3628E2 /* LocationService.swift */; };
		E5BEB9E21A834C67818EDAD2 /* ThumbnailCoordinatorTests.swift in Sources */ = {isa = PBXBuildFile; fileRef = 34C2A137B5A5A6EEE6D07249 /* ThumbnailCoordinatorTests.swift */; };
		ED3CA235C62DEB02EB3EE0FE /* ThumbnailGenerator.swift in Sources */ = {isa = PBXBuildFile; fileRef = 1FEF2804D80C9136E9B7C44F /* ThumbnailGenerator.swift */; };
		EE76E668847A5474E7CD8E28 /* GRDB in Frameworks */ = {isa = PBXBuildFile; productRef = D9B7771CD3044CEC2329E0CE /* GRDB */; };
		F20D0CC1DFF4AD084F47F535 /* SharePreparer.swift in Sources */ = {isa = PBXBuildFile; fileRef = A50400D2ECBD1D89A5904D35 /* SharePreparer.swift */; };
		FAA11EC9E3147768B352D3C7 /* MediaFileSystemTests.swift in Sources */ = {isa = PBXBuildFile; fileRef = EC53699FF9CDADE34A36098F /* MediaFileSystemTests.swift */; };
		FD34E5DF3FDD1B749FDAABFE /* Authenticator.swift in Sources */ = {isa = PBXBuildFile; fileRef = D5733DB553011A80CBFE01A0 /* Authenticator.swift */; };
/* End PBXBuildFile section */

/* Begin PBXContainerItemProxy section */
		D733DD2C459F0AB10B2BF145 /* PBXContainerItemProxy */ = {
			isa = PBXContainerItemProxy;
			containerPortal = 86E12914763B2ABAC337532F /* Project object */;
			proxyType = 1;
			remoteGlobalIDString = 56D73A8503567611263AB970;
			remoteInfo = Camork;
		};
/* End PBXContainerItemProxy section */

/* Begin PBXFileReference section */
		011CB7727F2E126FACF16879 /* CameraSessionBuilderTests.swift */ = {isa = PBXFileReference; lastKnownFileType = sourcecode.swift; path = CameraSessionBuilderTests.swift; sourceTree = "<group>"; };
		018C78605008CB210A51B479 /* MediaStorageTests.swift */ = {isa = PBXFileReference; lastKnownFileType = sourcecode.swift; path = MediaStorageTests.swift; sourceTree = "<group>"; };
		038C9692A09C23A3B38A8CD2 /* AppLockController.swift */ = {isa = PBXFileReference; lastKnownFileType = sourcecode.swift; path = AppLockController.swift; sourceTree = "<group>"; };
		0793057E915500151F00536A /* RootTabView.swift */ = {isa = PBXFileReference; lastKnownFileType = sourcecode.swift; path = RootTabView.swift; sourceTree = "<group>"; };
		07BF291EFDB937EF96114901 /* SessionInfoEditSheet.swift */ = {isa = PBXFileReference; lastKnownFileType = sourcecode.swift; path = SessionInfoEditSheet.swift; sourceTree = "<group>"; };
		1135387DE16AF24D3D4B32C6 /* MediaFileSystem.swift */ = {isa = PBXFileReference; lastKnownFileType = sourcecode.swift; path = MediaFileSystem.swift; sourceTree = "<group>"; };
		11EA37EC593C52C6B57E60AE /* SessionNameEditorTests.swift */ = {isa = PBXFileReference; lastKnownFileType = sourcecode.swift; path = SessionNameEditorTests.swift; sourceTree = "<group>"; };
		14B888956B201EB0ED26CC34 /* PermissionsService.swift */ = {isa = PBXFileReference; lastKnownFileType = sourcecode.swift; path = PermissionsService.swift; sourceTree = "<group>"; };
		15365BFC4128B29ABB9D9EE1 /* SessionAssignmentPolicy.swift */ = {isa = PBXFileReference; lastKnownFileType = sourcecode.swift; path = SessionAssignmentPolicy.swift; sourceTree = "<group>"; };
		1D80A7C2E5BF1E243F855544 /* FileOps.swift */ = {isa = PBXFileReference; lastKnownFileType = sourcecode.swift; path = FileOps.swift; sourceTree = "<group>"; };
		1ED2309B7A38D8B95C65553C /* SessionNoteEditorTests.swift */ = {isa = PBXFileReference; lastKnownFileType = sourcecode.swift; path = SessionNoteEditorTests.swift; sourceTree = "<group>"; };
		1FEF2804D80C9136E9B7C44F /* ThumbnailGenerator.swift */ = {isa = PBXFileReference; lastKnownFileType = sourcecode.swift; path = ThumbnailGenerator.swift; sourceTree = "<group>"; };
		27D961C06607530A8BC0CDE6 /* ThumbnailCoordinator.swift */ = {isa = PBXFileReference; lastKnownFileType = sourcecode.swift; path = ThumbnailCoordinator.swift; sourceTree = "<group>"; };
		28976A486B5F969E3D7132BD /* CameraView.swift */ = {isa = PBXFileReference; lastKnownFileType = sourcecode.swift; path = CameraView.swift; sourceTree = "<group>"; };
		29E6B68E8E8F1C5D13005D96 /* Database.swift */ = {isa = PBXFileReference; lastKnownFileType = sourcecode.swift; path = Database.swift; sourceTree = "<group>"; };
		2D512AE4280E1BBD6A543156 /* GalleryPlaceholderView.swift */ = {isa = PBXFileReference; lastKnownFileType = sourcecode.swift; path = GalleryPlaceholderView.swift; sourceTree = "<group>"; };
		2E5A5A387F0FBEC936117F30 /* CameraViewTests.swift */ = {isa = PBXFileReference; lastKnownFileType = sourcecode.swift; path = CameraViewTests.swift; sourceTree = "<group>"; };
		31F5475D3D092213CDF9172F /* ShareEntryButton.swift */ = {isa = PBXFileReference; lastKnownFileType = sourcecode.swift; path = ShareEntryButton.swift; sourceTree = "<group>"; };
		34C2A137B5A5A6EEE6D07249 /* ThumbnailCoordinatorTests.swift */ = {isa = PBXFileReference; lastKnownFileType = sourcecode.swift; path = ThumbnailCoordinatorTests.swift; sourceTree = "<group>"; };
		37A63CE129F9BABF9CF5C2CB /* CamorkButtonStyleTests.swift */ = {isa = PBXFileReference; lastKnownFileType = sourcecode.swift; path = CamorkButtonStyleTests.swift; sourceTree = "<group>"; };
		3C05D0B6C6E4B6A157F9012C /* Colors.swift */ = {isa = PBXFileReference; lastKnownFileType = sourcecode.swift; path = Colors.swift; sourceTree = "<group>"; };
		3C9B829D3F5CAE879B4D63C5 /* AppLockControllerTests.swift */ = {isa = PBXFileReference; lastKnownFileType = sourcecode.swift; path = AppLockControllerTests.swift; sourceTree = "<group>"; };
		4060BBD50C4F4F506321101D /* MediaKind.swift */ = {isa = PBXFileReference; lastKnownFileType = sourcecode.swift; path = MediaKind.swift; sourceTree = "<group>"; };
		49D586B2ABCEDC23AB14D4EA /* Session.swift */ = {isa = PBXFileReference; lastKnownFileType = sourcecode.swift; path = Session.swift; sourceTree = "<group>"; };
		4BD3E8CC262B2CCF547DB4C2 /* Localizable.xcstrings */ = {isa = PBXFileReference; lastKnownFileType = text.json.xcstrings; path = Localizable.xcstrings; sourceTree = "<group>"; };
		4EF68029697FFE4F2C27ABD8 /* Camork.app */ = {isa = PBXFileReference; includeInIndex = 0; lastKnownFileType = wrapper.application; path = Camork.app; sourceTree = BUILT_PRODUCTS_DIR; };
		52C80ED1C0028BD1D84F4358 /* SessionNoteEditSheet.swift */ = {isa = PBXFileReference; lastKnownFileType = sourcecode.swift; path = SessionNoteEditSheet.swift; sourceTree = "<group>"; };
		5A54AD5C852EA21CCC9EB059 /* ExifBuilder.swift */ = {isa = PBXFileReference; lastKnownFileType = sourcecode.swift; path = ExifBuilder.swift; sourceTree = "<group>"; };
		5BD835FD946EBD3E7DE1CE14 /* CamorkCard.swift */ = {isa = PBXFileReference; lastKnownFileType = sourcecode.swift; path = CamorkCard.swift; sourceTree = "<group>"; };
		5D9F1F9DDEB786AF738C20C3 /* SessionAssignmentPolicyTests.swift */ = {isa = PBXFileReference; lastKnownFileType = sourcecode.swift; path = SessionAssignmentPolicyTests.swift; sourceTree = "<group>"; };
		64E822718BB4E84C39AA5CE7 /* ShareSanitizer.swift */ = {isa = PBXFileReference; lastKnownFileType = sourcecode.swift; path = ShareSanitizer.swift; sourceTree = "<group>"; };
		661C72790B8B0D9C11813E0A /* CameraSession.swift */ = {isa = PBXFileReference; lastKnownFileType = sourcecode.swift; path = CameraSession.swift; sourceTree = "<group>"; };
		6C078AD0FFA38387D8294DDE /* SessionInfoEditorTests.swift */ = {isa = PBXFileReference; lastKnownFileType = sourcecode.swift; path = SessionInfoEditorTests.swift; sourceTree = "<group>"; };
		6C13B28107AE53591B28E00D /* CamorkApp.swift */ = {isa = PBXFileReference; lastKnownFileType = sourcecode.swift; path = CamorkApp.swift; sourceTree = "<group>"; };
		6F1E97C1EB09F8B6CFE74C30 /* LocationSnapshot.swift */ = {isa = PBXFileReference; lastKnownFileType = sourcecode.swift; path = LocationSnapshot.swift; sourceTree = "<group>"; };
		787351D0F6236E4F0838CE92 /* ExifBuilderTests.swift */ = {isa = PBXFileReference; lastKnownFileType = sourcecode.swift; path = ExifBuilderTests.swift; sourceTree = "<group>"; };
		799C103081B5005405E05A45 /* CameraSessionBuilder.swift */ = {isa = PBXFileReference; lastKnownFileType = sourcecode.swift; path = CameraSessionBuilder.swift; sourceTree = "<group>"; };
		7C9F7A812953C127A3A3CE54 /* ShareSanitizerTests.swift */ = {isa = PBXFileReference; lastKnownFileType = sourcecode.swift; path = ShareSanitizerTests.swift; sourceTree = "<group>"; };
		7EAACC9EF90B0378F71C1269 /* SharePreparerTests.swift */ = {isa = PBXFileReference; lastKnownFileType = sourcecode.swift; path = SharePreparerTests.swift; sourceTree = "<group>"; };
		7EC5AAB226ED33D6CFC78C2F /* CameraScreen.swift */ = {isa = PBXFileReference; lastKnownFileType = sourcecode.swift; path = CameraScreen.swift; sourceTree = "<group>"; };
		81818A34D96A3AFAC9B8F8F6 /* ShareSheetController.swift */ = {isa = PBXFileReference; lastKnownFileType = sourcecode.swift; path = ShareSheetController.swift; sourceTree = "<group>"; };
		84249623116F71C2B7E2F8D1 /* ExifData.swift */ = {isa = PBXFileReference; lastKnownFileType = sourcecode.swift; path = ExifData.swift; sourceTree = "<group>"; };
		86F03241D9611547DAA1B731 /* SessionCardView.swift */ = {isa = PBXFileReference; lastKnownFileType = sourcecode.swift; path = SessionCardView.swift; sourceTree = "<group>"; };
		88F466C97AE444836B684994 /* Theme.swift */ = {isa = PBXFileReference; lastKnownFileType = sourcecode.swift; path = Theme.swift; sourceTree = "<group>"; };
		896A453377FAFC4AAF165144 /* CameraPlaceholderView.swift */ = {isa = PBXFileReference; lastKnownFileType = sourcecode.swift; path = CameraPlaceholderView.swift; sourceTree = "<group>"; };
		8A931643B8B1BD2A58F7A8D7 /* PhotoMemoEditor.swift */ = {isa = PBXFileReference; lastKnownFileType = sourcecode.swift; path = PhotoMemoEditor.swift; sourceTree = "<group>"; };
		8AC256ACE3DBEF7B04AF92E9 /* ThemeTests.swift */ = {isa = PBXFileReference; lastKnownFileType = sourcecode.swift; path = ThemeTests.swift; sourceTree = "<group>"; };
		8D617F52812535550DBADD34 /* SessionDetailScreen.swift */ = {isa = PBXFileReference; lastKnownFileType = sourcecode.swift; path = SessionDetailScreen.swift; sourceTree = "<group>"; };
		8F73F1A7B610A55DC45C684E /* ThumbnailView.swift */ = {isa = PBXFileReference; lastKnownFileType = sourcecode.swift; path = ThumbnailView.swift; sourceTree = "<group>"; };
		991350B9E5716E0F43BF7BEC /* Camork.entitlements */ = {isa = PBXFileReference; lastKnownFileType = text.plist.entitlements; path = Camork.entitlements; sourceTree = "<group>"; };
		9A70731930ECAC8918007E82 /* GalleryScreen.swift */ = {isa = PBXFileReference; lastKnownFileType = sourcecode.swift; path = GalleryScreen.swift; sourceTree = "<group>"; };
		9BCED103095DA1693814ADAB /* SessionNameEditSheet.swift */ = {isa = PBXFileReference; lastKnownFileType = sourcecode.swift; path = SessionNameEditSheet.swift; sourceTree = "<group>"; };
		9CC19C01569B96793E8631B7 /* MediaStorage.swift */ = {isa = PBXFileReference; lastKnownFileType = sourcecode.swift; path = MediaStorage.swift; sourceTree = "<group>"; };
		9CE1680BB543934E6AD0E068 /* StorageInitErrorView.swift */ = {isa = PBXFileReference; lastKnownFileType = sourcecode.swift; path = StorageInitErrorView.swift; sourceTree = "<group>"; };
		9E16FBB8537135AEAA25D510 /* Assets.xcassets */ = {isa = PBXFileReference; lastKnownFileType = folder.assetcatalog; path = Assets.xcassets; sourceTree = "<group>"; };
		A50400D2ECBD1D89A5904D35 /* SharePreparer.swift */ = {isa = PBXFileReference; lastKnownFileType = sourcecode.swift; path = SharePreparer.swift; sourceTree = "<group>"; };
		A52900B223EEF495625FBF0E /* ThumbnailGeneratorTests.swift */ = {isa = PBXFileReference; lastKnownFileType = sourcecode.swift; path = ThumbnailGeneratorTests.swift; sourceTree = "<group>"; };
		A6165FFA504FB244DB02F113 /* MediaCapture.swift */ = {isa = PBXFileReference; lastKnownFileType = sourcecode.swift; path = MediaCapture.swift; sourceTree = "<group>"; };
		A7949544384DA8358A0924E4 /* PermissionsServiceTests.swift */ = {isa = PBXFileReference; lastKnownFileType = sourcecode.swift; path = PermissionsServiceTests.swift; sourceTree = "<group>"; };
		AA140D0E346D56C7AA3628E2 /* LocationService.swift */ = {isa = PBXFileReference; lastKnownFileType = sourcecode.swift; path = LocationService.swift; sourceTree = "<group>"; };
		AA39AC0443497D9FA05B1033 /* SettingsScreen.swift */ = {isa = PBXFileReference; lastKnownFileType = sourcecode.swift; path = SettingsScreen.swift; sourceTree = "<group>"; };
		AAD356D2E9206B35CDE4E3C2 /* SessionNameEditor.swift */ = {isa = PBXFileReference; lastKnownFileType = sourcecode.swift; path = SessionNameEditor.swift; sourceTree = "<group>"; };
		B6B8F220B91B8B822AF83106 /* TrashScreen.swift */ = {isa = PBXFileReference; lastKnownFileType = sourcecode.swift; path = TrashScreen.swift; sourceTree = "<group>"; };
		BAEBA8FB0AD1A64BAFF6E873 /* Photo.swift */ = {isa = PBXFileReference; lastKnownFileType = sourcecode.swift; path = Photo.swift; sourceTree = "<group>"; };
		BDDFC1D1B9B451D3F4DAA926 /* CamorkTests.xctest */ = {isa = PBXFileReference; includeInIndex = 0; lastKnownFileType = wrapper.cfbundle; path = CamorkTests.xctest; sourceTree = BUILT_PRODUCTS_DIR; };
		C5D86B7445F8235736D9E1DB /* Migrations.swift */ = {isa = PBXFileReference; lastKnownFileType = sourcecode.swift; path = Migrations.swift; sourceTree = "<group>"; };
		C835D1E8C66980FE2C951C51 /* LockScreen.swift */ = {isa = PBXFileReference; lastKnownFileType = sourcecode.swift; path = LockScreen.swift; sourceTree = "<group>"; };
		C8BB5CBC6E53DD577674197F /* CameraScreenViewStateTests.swift */ = {isa = PBXFileReference; lastKnownFileType = sourcecode.swift; path = CameraScreenViewStateTests.swift; sourceTree = "<group>"; };
		D174F2FDA24F471B4AE62E98 /* AppBackgroundShield.swift */ = {isa = PBXFileReference; lastKnownFileType = sourcecode.swift; path = AppBackgroundShield.swift; sourceTree = "<group>"; };
		D5733DB553011A80CBFE01A0 /* Authenticator.swift */ = {isa = PBXFileReference; lastKnownFileType = sourcecode.swift; path = Authenticator.swift; sourceTree = "<group>"; };
		D57A1F580AB460488E3FEF55 /* MediaStorageTestHooks.swift */ = {isa = PBXFileReference; lastKnownFileType = sourcecode.swift; path = MediaStorageTestHooks.swift; sourceTree = "<group>"; };
		D5C736A508723254B09D0D47 /* DependencyContainer.swift */ = {isa = PBXFileReference; lastKnownFileType = sourcecode.swift; path = DependencyContainer.swift; sourceTree = "<group>"; };
		D5C8382767397212E867C33A /* SessionNoteEditor.swift */ = {isa = PBXFileReference; lastKnownFileType = sourcecode.swift; path = SessionNoteEditor.swift; sourceTree = "<group>"; };
		D6964EA516629442CFF13685 /* CamorkButton.swift */ = {isa = PBXFileReference; lastKnownFileType = sourcecode.swift; path = CamorkButton.swift; sourceTree = "<group>"; };
		D8DD1F9FE7FEA975A76A23C8 /* ColorsTests.swift */ = {isa = PBXFileReference; lastKnownFileType = sourcecode.swift; path = ColorsTests.swift; sourceTree = "<group>"; };
		DA5551989CAD799D55F626B9 /* SettingsPlaceholderView.swift */ = {isa = PBXFileReference; lastKnownFileType = sourcecode.swift; path = SettingsPlaceholderView.swift; sourceTree = "<group>"; };
		E02283BCB302917BF6C93593 /* CamorkBundleToken.swift */ = {isa = PBXFileReference; lastKnownFileType = sourcecode.swift; path = CamorkBundleToken.swift; sourceTree = "<group>"; };
		E48AD1B2DF3CBB981248F0A2 /* SessionInfoEditor.swift */ = {isa = PBXFileReference; lastKnownFileType = sourcecode.swift; path = SessionInfoEditor.swift; sourceTree = "<group>"; };
		E53E92A1DDDDD46116AC0877 /* MigrationsTests.swift */ = {isa = PBXFileReference; lastKnownFileType = sourcecode.swift; path = MigrationsTests.swift; sourceTree = "<group>"; };
		EA977E72449CB74164D357A6 /* LocationServiceTests.swift */ = {isa = PBXFileReference; lastKnownFileType = sourcecode.swift; path = LocationServiceTests.swift; sourceTree = "<group>"; };
		EB41480763FDF67C2603A832 /* PhotoMemoEditorTests.swift */ = {isa = PBXFileReference; lastKnownFileType = sourcecode.swift; path = PhotoMemoEditorTests.swift; sourceTree = "<group>"; };
		EC53699FF9CDADE34A36098F /* MediaFileSystemTests.swift */ = {isa = PBXFileReference; lastKnownFileType = sourcecode.swift; path = MediaFileSystemTests.swift; sourceTree = "<group>"; };
		F35A4A39F053511E7878E671 /* PhotoCapturePayload.swift */ = {isa = PBXFileReference; lastKnownFileType = sourcecode.swift; path = PhotoCapturePayload.swift; sourceTree = "<group>"; };
		F3C38F7008B7B0410BC3F53C /* FakeFileOps.swift */ = {isa = PBXFileReference; lastKnownFileType = sourcecode.swift; path = FakeFileOps.swift; sourceTree = "<group>"; };
		F76FA386DB3DC189FACB4BD8 /* PhotoDetailView.swift */ = {isa = PBXFileReference; lastKnownFileType = sourcecode.swift; path = PhotoDetailView.swift; sourceTree = "<group>"; };
		F8F647C564FEFC7F0700A4B6 /* CameraScreenViewState.swift */ = {isa = PBXFileReference; lastKnownFileType = sourcecode.swift; path = CameraScreenViewState.swift; sourceTree = "<group>"; };
/* End PBXFileReference section */

/* Begin PBXFrameworksBuildPhase section */
		8214795230552DA116792CBE /* Frameworks */ = {
			isa = PBXFrameworksBuildPhase;
			buildActionMask = 2147483647;
			files = (
				EE76E668847A5474E7CD8E28 /* GRDB in Frameworks */,
			);
			runOnlyForDeploymentPostprocessing = 0;
		};
/* End PBXFrameworksBuildPhase section */

/* Begin PBXGroup section */
		23982103FFF5527584024BC1 /* AppShell */ = {
			isa = PBXGroup;
			children = (
				D174F2FDA24F471B4AE62E98 /* AppBackgroundShield.swift */,
				E02283BCB302917BF6C93593 /* CamorkBundleToken.swift */,
				D5C736A508723254B09D0D47 /* DependencyContainer.swift */,
				C835D1E8C66980FE2C951C51 /* LockScreen.swift */,
				9CE1680BB543934E6AD0E068 /* StorageInitErrorView.swift */,
			);
			path = AppShell;
			sourceTree = "<group>";
		};
		30B29EF515ED1BFDF9E4F2B4 /* Sessions */ = {
			isa = PBXGroup;
			children = (
				9CC19C01569B96793E8631B7 /* MediaStorage.swift */,
				D57A1F580AB460488E3FEF55 /* MediaStorageTestHooks.swift */,
				F35A4A39F053511E7878E671 /* PhotoCapturePayload.swift */,
				8A931643B8B1BD2A58F7A8D7 /* PhotoMemoEditor.swift */,
				15365BFC4128B29ABB9D9EE1 /* SessionAssignmentPolicy.swift */,
				E48AD1B2DF3CBB981248F0A2 /* SessionInfoEditor.swift */,
				AAD356D2E9206B35CDE4E3C2 /* SessionNameEditor.swift */,
				D5C8382767397212E867C33A /* SessionNoteEditor.swift */,
				27D961C06607530A8BC0CDE6 /* ThumbnailCoordinator.swift */,
				1FEF2804D80C9136E9B7C44F /* ThumbnailGenerator.swift */,
			);
			path = Sessions;
			sourceTree = "<group>";
		};
		3745ED33CE9A1FD341909DC6 /* Resources */ = {
			isa = PBXGroup;
			children = (
				9E16FBB8537135AEAA25D510 /* Assets.xcassets */,
				4BD3E8CC262B2CCF547DB4C2 /* Localizable.xcstrings */,
			);
			path = Resources;
			sourceTree = "<group>";
		};
		41930C4998DF3E3394F0469C /* Gallery */ = {
			isa = PBXGroup;
			children = (
				9A70731930ECAC8918007E82 /* GalleryScreen.swift */,
				F76FA386DB3DC189FACB4BD8 /* PhotoDetailView.swift */,
				86F03241D9611547DAA1B731 /* SessionCardView.swift */,
				8D617F52812535550DBADD34 /* SessionDetailScreen.swift */,
				07BF291EFDB937EF96114901 /* SessionInfoEditSheet.swift */,
				9BCED103095DA1693814ADAB /* SessionNameEditSheet.swift */,
				52C80ED1C0028BD1D84F4358 /* SessionNoteEditSheet.swift */,
				8F73F1A7B610A55DC45C684E /* ThumbnailView.swift */,
				B6B8F220B91B8B822AF83106 /* TrashScreen.swift */,
			);
			path = Gallery;
			sourceTree = "<group>";
		};
		46D202837274B3D714FA377E /* Storage */ = {
			isa = PBXGroup;
			children = (
				29E6B68E8E8F1C5D13005D96 /* Database.swift */,
				84249623116F71C2B7E2F8D1 /* ExifData.swift */,
				1D80A7C2E5BF1E243F855544 /* FileOps.swift */,
				6F1E97C1EB09F8B6CFE74C30 /* LocationSnapshot.swift */,
				1135387DE16AF24D3D4B32C6 /* MediaFileSystem.swift */,
				4060BBD50C4F4F506321101D /* MediaKind.swift */,
				C5D86B7445F8235736D9E1DB /* Migrations.swift */,
				BAEBA8FB0AD1A64BAFF6E873 /* Photo.swift */,
				49D586B2ABCEDC23AB14D4EA /* Session.swift */,
			);
			path = Storage;
			sourceTree = "<group>";
		};
		52032722886A4FCBEA66316E /* Share */ = {
			isa = PBXGroup;
			children = (
				31F5475D3D092213CDF9172F /* ShareEntryButton.swift */,
				A50400D2ECBD1D89A5904D35 /* SharePreparer.swift */,
				64E822718BB4E84C39AA5CE7 /* ShareSanitizer.swift */,
				81818A34D96A3AFAC9B8F8F6 /* ShareSheetController.swift */,
			);
			path = Share;
			sourceTree = "<group>";
		};
		5D022612BA631678EFC6D420 /* Camera */ = {
			isa = PBXGroup;
			children = (
				7EC5AAB226ED33D6CFC78C2F /* CameraScreen.swift */,
				661C72790B8B0D9C11813E0A /* CameraSession.swift */,
				28976A486B5F969E3D7132BD /* CameraView.swift */,
				A6165FFA504FB244DB02F113 /* MediaCapture.swift */,
				E361B9EB071C39F1DF2E23FA /* Internal */,
			);
			path = Camera;
			sourceTree = "<group>";
		};
		60091220D6B0C226BC4C933E /* DesignSystem */ = {
			isa = PBXGroup;
			children = (
				3C05D0B6C6E4B6A157F9012C /* Colors.swift */,
				88F466C97AE444836B684994 /* Theme.swift */,
				F5B40E7524A098B4C7FB0F6C /* Components */,
			);
			path = DesignSystem;
			sourceTree = "<group>";
		};
		65DAC50BF9A6EA02861762C3 /* Views */ = {
			isa = PBXGroup;
			children = (
				896A453377FAFC4AAF165144 /* CameraPlaceholderView.swift */,
				2D512AE4280E1BBD6A543156 /* GalleryPlaceholderView.swift */,
				DA5551989CAD799D55F626B9 /* SettingsPlaceholderView.swift */,
				AA39AC0443497D9FA05B1033 /* SettingsScreen.swift */,
			);
			path = Views;
			sourceTree = "<group>";
		};
		690529923AD06EDA2FC195DA /* Camork */ = {
			isa = PBXGroup;
			children = (
				991350B9E5716E0F43BF7BEC /* Camork.entitlements */,
				6C13B28107AE53591B28E00D /* CamorkApp.swift */,
				0793057E915500151F00536A /* RootTabView.swift */,
				23982103FFF5527584024BC1 /* AppShell */,
				5D022612BA631678EFC6D420 /* Camera */,
				60091220D6B0C226BC4C933E /* DesignSystem */,
				41930C4998DF3E3394F0469C /* Gallery */,
				3745ED33CE9A1FD341909DC6 /* Resources */,
				E570F09510C6DF05AF395AD8 /* Services */,
				30B29EF515ED1BFDF9E4F2B4 /* Sessions */,
				52032722886A4FCBEA66316E /* Share */,
				46D202837274B3D714FA377E /* Storage */,
				65DAC50BF9A6EA02861762C3 /* Views */,
			);
			path = Camork;
			sourceTree = "<group>";
		};
		79E59F8DA354CEA99276F5DE = {
			isa = PBXGroup;
			children = (
				690529923AD06EDA2FC195DA /* Camork */,
				EC8F7C5D938E5ADDA284844A /* CamorkTests */,
				B54CF10CF88D15BF8EE8029F /* Products */,
			);
			sourceTree = "<group>";
		};
		B54CF10CF88D15BF8EE8029F /* Products */ = {
			isa = PBXGroup;
			children = (
				4EF68029697FFE4F2C27ABD8 /* Camork.app */,
				BDDFC1D1B9B451D3F4DAA926 /* CamorkTests.xctest */,
			);
			name = Products;
			sourceTree = "<group>";
		};
		E361B9EB071C39F1DF2E23FA /* Internal */ = {
			isa = PBXGroup;
			children = (
				F8F647C564FEFC7F0700A4B6 /* CameraScreenViewState.swift */,
				799C103081B5005405E05A45 /* CameraSessionBuilder.swift */,
				5A54AD5C852EA21CCC9EB059 /* ExifBuilder.swift */,
			);
			path = Internal;
			sourceTree = "<group>";
		};
		E570F09510C6DF05AF395AD8 /* Services */ = {
			isa = PBXGroup;
			children = (
				038C9692A09C23A3B38A8CD2 /* AppLockController.swift */,
				D5733DB553011A80CBFE01A0 /* Authenticator.swift */,
				AA140D0E346D56C7AA3628E2 /* LocationService.swift */,
				14B888956B201EB0ED26CC34 /* PermissionsService.swift */,
			);
			path = Services;
			sourceTree = "<group>";
		};
		EC8F7C5D938E5ADDA284844A /* CamorkTests */ = {
			isa = PBXGroup;
			children = (
				3C9B829D3F5CAE879B4D63C5 /* AppLockControllerTests.swift */,
				C8BB5CBC6E53DD577674197F /* CameraScreenViewStateTests.swift */,
				011CB7727F2E126FACF16879 /* CameraSessionBuilderTests.swift */,
				2E5A5A387F0FBEC936117F30 /* CameraViewTests.swift */,
				37A63CE129F9BABF9CF5C2CB /* CamorkButtonStyleTests.swift */,
				D8DD1F9FE7FEA975A76A23C8 /* ColorsTests.swift */,
				787351D0F6236E4F0838CE92 /* ExifBuilderTests.swift */,
				F3C38F7008B7B0410BC3F53C /* FakeFileOps.swift */,
				EA977E72449CB74164D357A6 /* LocationServiceTests.swift */,
				EC53699FF9CDADE34A36098F /* MediaFileSystemTests.swift */,
				018C78605008CB210A51B479 /* MediaStorageTests.swift */,
				E53E92A1DDDDD46116AC0877 /* MigrationsTests.swift */,
				A7949544384DA8358A0924E4 /* PermissionsServiceTests.swift */,
				EB41480763FDF67C2603A832 /* PhotoMemoEditorTests.swift */,
				5D9F1F9DDEB786AF738C20C3 /* SessionAssignmentPolicyTests.swift */,
				6C078AD0FFA38387D8294DDE /* SessionInfoEditorTests.swift */,
				11EA37EC593C52C6B57E60AE /* SessionNameEditorTests.swift */,
				1ED2309B7A38D8B95C65553C /* SessionNoteEditorTests.swift */,
				7EAACC9EF90B0378F71C1269 /* SharePreparerTests.swift */,
				7C9F7A812953C127A3A3CE54 /* ShareSanitizerTests.swift */,
				8AC256ACE3DBEF7B04AF92E9 /* ThemeTests.swift */,
				34C2A137B5A5A6EEE6D07249 /* ThumbnailCoordinatorTests.swift */,
				A52900B223EEF495625FBF0E /* ThumbnailGeneratorTests.swift */,
			);
			path = CamorkTests;
			sourceTree = "<group>";
		};
		F5B40E7524A098B4C7FB0F6C /* Components */ = {
			isa = PBXGroup;
			children = (
				D6964EA516629442CFF13685 /* CamorkButton.swift */,
				5BD835FD946EBD3E7DE1CE14 /* CamorkCard.swift */,
			);
			path = Components;
			sourceTree = "<group>";
		};
/* End PBXGroup section */

/* Begin PBXNativeTarget section */
		56D73A8503567611263AB970 /* Camork */ = {
			isa = PBXNativeTarget;
			buildConfigurationList = B783EAD948E879C601C7AB76 /* Build configuration list for PBXNativeTarget "Camork" */;
			buildPhases = (
				ED5107ABEADDEC1044B68117 /* Sources */,
				87CFDD9933959080707EAF47 /* Resources */,
				8214795230552DA116792CBE /* Frameworks */,
			);
			buildRules = (
			);
			dependencies = (
			);
			name = Camork;
			packageProductDependencies = (
				D9B7771CD3044CEC2329E0CE /* GRDB */,
			);
			productName = Camork;
			productReference = 4EF68029697FFE4F2C27ABD8 /* Camork.app */;
			productType = "com.apple.product-type.application";
		};
		E85142E447218067936F534C /* CamorkTests */ = {
			isa = PBXNativeTarget;
			buildConfigurationList = 37FFF82F1C80E673580F0D0B /* Build configuration list for PBXNativeTarget "CamorkTests" */;
			buildPhases = (
				61FAB3C61804164C684CCCAD /* Sources */,
			);
			buildRules = (
			);
			dependencies = (
				CC324CA6B52579DBFBAA932C /* PBXTargetDependency */,
			);
			name = CamorkTests;
			packageProductDependencies = (
			);
			productName = CamorkTests;
			productReference = BDDFC1D1B9B451D3F4DAA926 /* CamorkTests.xctest */;
			productType = "com.apple.product-type.bundle.unit-test";
		};
/* End PBXNativeTarget section */

/* Begin PBXProject section */
		86E12914763B2ABAC337532F /* Project object */ = {
			isa = PBXProject;
			attributes = {
				BuildIndependentTargetsInParallel = YES;
				LastUpgradeCheck = 1430;
				TargetAttributes = {
					56D73A8503567611263AB970 = {
						DevelopmentTeam = RCNZ7N94S3;
						ProvisioningStyle = Automatic;
					};
				};
			};
			buildConfigurationList = 1D2233BE12567D3E6D6FD533 /* Build configuration list for PBXProject "Camork" */;
			compatibilityVersion = "Xcode 14.0";
			developmentRegion = en;
			hasScannedForEncodings = 0;
			knownRegions = (
				Base,
				en,
				ko,
			);
			mainGroup = 79E59F8DA354CEA99276F5DE;
			minimizedProjectReferenceProxies = 1;
			packageReferences = (
				8880BAD3D5A2B4D58E6AE096 /* XCRemoteSwiftPackageReference "GRDB.swift" */,
			);
			preferredProjectObjectVersion = 77;
			projectDirPath = "";
			projectRoot = "";
			targets = (
				56D73A8503567611263AB970 /* Camork */,
				E85142E447218067936F534C /* CamorkTests */,
			);
		};
/* End PBXProject section */

/* Begin PBXResourcesBuildPhase section */
		87CFDD9933959080707EAF47 /* Resources */ = {
			isa = PBXResourcesBuildPhase;
			buildActionMask = 2147483647;
			files = (
				B60561066591C0B30242F9A8 /* Assets.xcassets in Resources */,
				D10176543AB36929C85D6372 /* Localizable.xcstrings in Resources */,
			);
			runOnlyForDeploymentPostprocessing = 0;
		};
/* End PBXResourcesBuildPhase section */

/* Begin PBXSourcesBuildPhase section */
		61FAB3C61804164C684CCCAD /* Sources */ = {
			isa = PBXSourcesBuildPhase;
			buildActionMask = 2147483647;
			files = (
				41F505843C93B41BCD66A12E /* AppLockControllerTests.swift in Sources */,
				4B47B53DAC53EFE4D47661BB /* CameraScreenViewStateTests.swift in Sources */,
				BC7092E9DF830E65D31BE56C /* CameraSessionBuilderTests.swift in Sources */,
				A553460CEEB3EBFB50B986EB /* CameraViewTests.swift in Sources */,
				AF420CFC8DB57C9A3E40088E /* CamorkButtonStyleTests.swift in Sources */,
				4751C8016E6E90472FACE3BA /* ColorsTests.swift in Sources */,
				64A84F599216BA18D6D9DAA2 /* ExifBuilderTests.swift in Sources */,
				0D2E1D87394C839B6218EE15 /* FakeFileOps.swift in Sources */,
				03B73C2C45EB80D96D61EEB5 /* LocationServiceTests.swift in Sources */,
				FAA11EC9E3147768B352D3C7 /* MediaFileSystemTests.swift in Sources */,
				D9A8DD8CE35568073272E4F1 /* MediaStorageTests.swift in Sources */,
				2DEE4A050802F4473FB066A0 /* MigrationsTests.swift in Sources */,
				925CE1EE8BCAE6B0D42791C5 /* PermissionsServiceTests.swift in Sources */,
				6F8EFEC1F504BD357CB944CD /* PhotoMemoEditorTests.swift in Sources */,
				B857F7690248E93756CB3E4B /* SessionAssignmentPolicyTests.swift in Sources */,
				7B9130099B6A6AD35FCBBE56 /* SessionInfoEditorTests.swift in Sources */,
				C9657E5A0E90F9BFD85A16A0 /* SessionNameEditorTests.swift in Sources */,
				94481241DC90A6DDBFFBE56E /* SessionNoteEditorTests.swift in Sources */,
				3740BD15892EDD4BF1006AB6 /* SharePreparerTests.swift in Sources */,
				5785FA4B3289DE094819C769 /* ShareSanitizerTests.swift in Sources */,
				0D47568153AED973C0FC29B2 /* ThemeTests.swift in Sources */,
				E5BEB9E21A834C67818EDAD2 /* ThumbnailCoordinatorTests.swift in Sources */,
				4A9C7007B8B9294EEE547473 /* ThumbnailGeneratorTests.swift in Sources */,
			);
			runOnlyForDeploymentPostprocessing = 0;
		};
		ED5107ABEADDEC1044B68117 /* Sources */ = {
			isa = PBXSourcesBuildPhase;
			buildActionMask = 2147483647;
			files = (
				6BA14EDA68E3D44BF32D733C /* AppBackgroundShield.swift in Sources */,
				BA64891748EA915043EDC498 /* AppLockController.swift in Sources */,
				FD34E5DF3FDD1B749FDAABFE /* Authenticator.swift in Sources */,
				42EEF308903DC1C6B8F66B92 /* CameraPlaceholderView.swift in Sources */,
				1DA51EEBFBEFDE36127DFA4B /* CameraScreen.swift in Sources */,
				D42D64BD27743B8197CF9C4A /* CameraScreenViewState.swift in Sources */,
				417863673FE447DFE2848780 /* CameraSession.swift in Sources */,
				52A3E8CB0CC86C07B88E4C19 /* CameraSessionBuilder.swift in Sources */,
				82E43053C6FA4681B8E1656D /* CameraView.swift in Sources */,
				75EB773C45562339A9725378 /* CamorkApp.swift in Sources */,
				736638AEDA70D44F5E4E2A29 /* CamorkBundleToken.swift in Sources */,
				09C750A7E15A94B6599FB1E3 /* CamorkButton.swift in Sources */,
				BD254E1236CDC71DA1B02956 /* CamorkCard.swift in Sources */,
				256B247318CA41F0E5F3833D /* Colors.swift in Sources */,
				A2574451B96BF30FC264A335 /* Database.swift in Sources */,
				6EC549FB622FB4C0CB2602DE /* DependencyContainer.swift in Sources */,
				15180F70E1BA4C15785E5970 /* ExifBuilder.swift in Sources */,
				6F87E648BDFF6D4EFEDC2E92 /* ExifData.swift in Sources */,
				857F58097954C0F289DA7D3A /* FileOps.swift in Sources */,
				3AC4108BB10CA62BB0A23D68 /* GalleryPlaceholderView.swift in Sources */,
				D984AB4C8CC6763DAE0699A0 /* GalleryScreen.swift in Sources */,
				DC0532E20909F08A139C0D34 /* LocationService.swift in Sources */,
				8779178B282469B716CF473E /* LocationSnapshot.swift in Sources */,
				882EF0419F5EB16C27098C9C /* LockScreen.swift in Sources */,
				7568D9FC2A05ABA3DB652F1F /* MediaCapture.swift in Sources */,
				1EA7A05186D76B980FB76848 /* MediaFileSystem.swift in Sources */,
				9D3CD57FEE57940FE92A7CFA /* MediaKind.swift in Sources */,
				A7BE864ECAF18B32CF323A29 /* MediaStorage.swift in Sources */,
				238BB0C43C9CB171DAEA083F /* MediaStorageTestHooks.swift in Sources */,
				689B151B95C5A78F815A7ED2 /* Migrations.swift in Sources */,
				7607B0ADEE33372DA537EF17 /* PermissionsService.swift in Sources */,
				45499F188C28B8E4CEE76947 /* Photo.swift in Sources */,
				753FE5FE09FE3376C7DAD493 /* PhotoCapturePayload.swift in Sources */,
				7AE50E4A6965593F64CFDFBB /* PhotoDetailView.swift in Sources */,
				66CB2DC0230556B6112B7DC7 /* PhotoMemoEditor.swift in Sources */,
				826EA30B2A59E53732EB86BE /* RootTabView.swift in Sources */,
				DAC864606CEE84270F9BF4AD /* Session.swift in Sources */,
				5B5703AC7C6483B93DB293BA /* SessionAssignmentPolicy.swift in Sources */,
				96C562002F463965117DFA92 /* SessionCardView.swift in Sources */,
				A7C8D9BE0F391D659FDEFE4E /* SessionDetailScreen.swift in Sources */,
				0E23B71EB31E072252327CC4 /* SessionInfoEditSheet.swift in Sources */,
				15620BDD74AEB365394CB457 /* SessionInfoEditor.swift in Sources */,
				33636B69F3241E9CCDCE1C82 /* SessionNameEditSheet.swift in Sources */,
				6CFDF4B17545B466151FB8A9 /* SessionNameEditor.swift in Sources */,
				67A3EF2799F4D431B8D37681 /* SessionNoteEditSheet.swift in Sources */,
				783089B6F039897643303D42 /* SessionNoteEditor.swift in Sources */,
				C1DD0D41120A976F838C5AA2 /* SettingsPlaceholderView.swift in Sources */,
				B0953678A79E7DFE47009668 /* SettingsScreen.swift in Sources */,
				00ED29F9FE9139AF4188F9C1 /* ShareEntryButton.swift in Sources */,
				F20D0CC1DFF4AD084F47F535 /* SharePreparer.swift in Sources */,
				3DC0586038B7FE039E1BE63B /* ShareSanitizer.swift in Sources */,
				102F4B5B8A3E2D1D36C9C558 /* ShareSheetController.swift in Sources */,
				AED2F21A3054B8DA752AA6EA /* StorageInitErrorView.swift in Sources */,
				7350EA82727FFDA235B1269F /* Theme.swift in Sources */,
				4E12AC69BC0ECE687EE344B5 /* ThumbnailCoordinator.swift in Sources */,
				ED3CA235C62DEB02EB3EE0FE /* ThumbnailGenerator.swift in Sources */,
				B84BB8098D7C6AA3B9E30BB1 /* ThumbnailView.swift in Sources */,
				852F72BE39CAF8EBC332482C /* TrashScreen.swift in Sources */,
			);
			runOnlyForDeploymentPostprocessing = 0;
		};
/* End PBXSourcesBuildPhase section */

/* Begin PBXTargetDependency section */
		CC324CA6B52579DBFBAA932C /* PBXTargetDependency */ = {
			isa = PBXTargetDependency;
			target = 56D73A8503567611263AB970 /* Camork */;
			targetProxy = D733DD2C459F0AB10B2BF145 /* PBXContainerItemProxy */;
		};
/* End PBXTargetDependency section */

/* Begin XCBuildConfiguration section */
		0C12E1D9A27B2FFA073D0E2E /* Release */ = {
			isa = XCBuildConfiguration;
			buildSettings = {
				ASSETCATALOG_COMPILER_APPICON_NAME = AppIcon;
				ASSETCATALOG_COMPILER_GLOBAL_ACCENT_COLOR_NAME = AccentColor;
				CODE_SIGN_ENTITLEMENTS = Camork/Camork.entitlements;
				CODE_SIGN_IDENTITY = "iPhone Developer";
				CODE_SIGN_STYLE = Automatic;
				CURRENT_PROJECT_VERSION = 8;
				DEVELOPMENT_TEAM = RCNZ7N94S3;
				ENABLE_PREVIEWS = YES;
				INFOPLIST_FILE = Camork/Info.plist;
				LD_RUNPATH_SEARCH_PATHS = (
					"$(inherited)",
					"@executable_path/Frameworks",
				);
				MARKETING_VERSION = 1.0.0;
				PRODUCT_BUNDLE_IDENTIFIER = com.camork.app;
				SDKROOT = iphoneos;
				SWIFT_EMIT_LOC_STRINGS = YES;
				TARGETED_DEVICE_FAMILY = "1,2";
			};
			name = Release;
		};
		2E05345AC42B4C6B7FDAE173 /* Debug */ = {
			isa = XCBuildConfiguration;
			buildSettings = {
				BUNDLE_LOADER = "$(TEST_HOST)";
				LD_RUNPATH_SEARCH_PATHS = (
					"$(inherited)",
					"@executable_path/Frameworks",
					"@loader_path/Frameworks",
				);
				PRODUCT_BUNDLE_IDENTIFIER = com.camork.CamorkTests;
				SDKROOT = iphoneos;
				TARGETED_DEVICE_FAMILY = "1,2";
				TEST_HOST = "$(BUILT_PRODUCTS_DIR)/Camork.app/Camork";
			};
			name = Debug;
		};
		55455F039342C8BB6F814596 /* Debug */ = {
			isa = XCBuildConfiguration;
			buildSettings = {
				ASSETCATALOG_COMPILER_APPICON_NAME = AppIcon;
				ASSETCATALOG_COMPILER_GLOBAL_ACCENT_COLOR_NAME = AccentColor;
				CODE_SIGN_ENTITLEMENTS = Camork/Camork.entitlements;
				CODE_SIGN_IDENTITY = "iPhone Developer";
				CODE_SIGN_STYLE = Automatic;
				CURRENT_PROJECT_VERSION = 8;
				DEVELOPMENT_TEAM = RCNZ7N94S3;
				ENABLE_PREVIEWS = YES;
				INFOPLIST_FILE = Camork/Info.plist;
				LD_RUNPATH_SEARCH_PATHS = (
					"$(inherited)",
					"@executable_path/Frameworks",
				);
				MARKETING_VERSION = 1.0.0;
				PRODUCT_BUNDLE_IDENTIFIER = com.camork.app;
				SDKROOT = iphoneos;
				SWIFT_EMIT_LOC_STRINGS = YES;
				TARGETED_DEVICE_FAMILY = "1,2";
			};
			name = Debug;
		};
		73272914D89AEDA9853AE997 /* Debug */ = {
			isa = XCBuildConfiguration;
			buildSettings = {
				ALWAYS_SEARCH_USER_PATHS = NO;
				CLANG_ANALYZER_NONNULL = YES;
				CLANG_ANALYZER_NUMBER_OBJECT_CONVERSION = YES_AGGRESSIVE;
				CLANG_CXX_LANGUAGE_STANDARD = "gnu++14";
				CLANG_CXX_LIBRARY = "libc++";
				CLANG_ENABLE_MODULES = YES;
				CLANG_ENABLE_OBJC_ARC = YES;
				CLANG_ENABLE_OBJC_WEAK = YES;
				CLANG_WARN_BLOCK_CAPTURE_AUTORELEASING = YES;
				CLANG_WARN_BOOL_CONVERSION = YES;
				CLANG_WARN_COMMA = YES;
				CLANG_WARN_CONSTANT_CONVERSION = YES;
				CLANG_WARN_DEPRECATED_OBJC_IMPLEMENTATIONS = YES;
				CLANG_WARN_DIRECT_OBJC_ISA_USAGE = YES_ERROR;
				CLANG_WARN_DOCUMENTATION_COMMENTS = YES;
				CLANG_WARN_EMPTY_BODY = YES;
				CLANG_WARN_ENUM_CONVERSION = YES;
				CLANG_WARN_INFINITE_RECURSION = YES;
				CLANG_WARN_INT_CONVERSION = YES;
				CLANG_WARN_NON_LITERAL_NULL_CONVERSION = YES;
				CLANG_WARN_OBJC_IMPLICIT_RETAIN_SELF = YES;
				CLANG_WARN_OBJC_LITERAL_CONVERSION = YES;
				CLANG_WARN_OBJC_ROOT_CLASS = YES_ERROR;
				CLANG_WARN_QUOTED_INCLUDE_IN_FRAMEWORK_HEADER = YES;
				CLANG_WARN_RANGE_LOOP_ANALYSIS = YES;
				CLANG_WARN_STRICT_PROTOTYPES = YES;
				CLANG_WARN_SUSPICIOUS_MOVE = YES;
				CLANG_WARN_UNGUARDED_AVAILABILITY = YES_AGGRESSIVE;
				CLANG_WARN_UNREACHABLE_CODE = YES;
				CLANG_WARN__DUPLICATE_METHOD_MATCH = YES;
				COPY_PHASE_STRIP = NO;
				DEBUG_INFORMATION_FORMAT = dwarf;
				ENABLE_STRICT_OBJC_MSGSEND = YES;
				ENABLE_TESTABILITY = YES;
				ENABLE_USER_SCRIPT_SANDBOXING = YES;
				GCC_C_LANGUAGE_STANDARD = gnu11;
				GCC_DYNAMIC_NO_PIC = NO;
				GCC_NO_COMMON_BLOCKS = YES;
				GCC_OPTIMIZATION_LEVEL = 0;
				GCC_PREPROCESSOR_DEFINITIONS = (
					"$(inherited)",
					"DEBUG=1",
				);
				GCC_WARN_64_TO_32_BIT_CONVERSION = YES;
				GCC_WARN_ABOUT_RETURN_TYPE = YES_ERROR;
				GCC_WARN_UNDECLARED_SELECTOR = YES;
				GCC_WARN_UNINITIALIZED_AUTOS = YES_AGGRESSIVE;
				GCC_WARN_UNUSED_FUNCTION = YES;
				GCC_WARN_UNUSED_VARIABLE = YES;
				IPHONEOS_DEPLOYMENT_TARGET = 17.0;
				MTL_ENABLE_DEBUG_INFO = INCLUDE_SOURCE;
				MTL_FAST_MATH = YES;
				ONLY_ACTIVE_ARCH = YES;
				PRODUCT_NAME = "$(TARGET_NAME)";
				SDKROOT = iphoneos;
				SWIFT_ACTIVE_COMPILATION_CONDITIONS = DEBUG;
				SWIFT_OPTIMIZATION_LEVEL = "-Onone";
				SWIFT_VERSION = 5.0;
				TARGETED_DEVICE_FAMILY = 1;
			};
			name = Debug;
		};
		A66303AE0DD011CB996D5854 /* Release */ = {
			isa = XCBuildConfiguration;
			buildSettings = {
				BUNDLE_LOADER = "$(TEST_HOST)";
				LD_RUNPATH_SEARCH_PATHS = (
					"$(inherited)",
					"@executable_path/Frameworks",
					"@loader_path/Frameworks",
				);
				PRODUCT_BUNDLE_IDENTIFIER = com.camork.CamorkTests;
				SDKROOT = iphoneos;
				TARGETED_DEVICE_FAMILY = "1,2";
				TEST_HOST = "$(BUILT_PRODUCTS_DIR)/Camork.app/Camork";
			};
			name = Release;
		};
		B8C77761B2562A16DD6B129D /* Release */ = {
			isa = XCBuildConfiguration;
			buildSettings = {
				ALWAYS_SEARCH_USER_PATHS = NO;
				CLANG_ANALYZER_NONNULL = YES;
				CLANG_ANALYZER_NUMBER_OBJECT_CONVERSION = YES_AGGRESSIVE;
				CLANG_CXX_LANGUAGE_STANDARD = "gnu++14";
				CLANG_CXX_LIBRARY = "libc++";
				CLANG_ENABLE_MODULES = YES;
				CLANG_ENABLE_OBJC_ARC = YES;
				CLANG_ENABLE_OBJC_WEAK = YES;
				CLANG_WARN_BLOCK_CAPTURE_AUTORELEASING = YES;
				CLANG_WARN_BOOL_CONVERSION = YES;
				CLANG_WARN_COMMA = YES;
				CLANG_WARN_CONSTANT_CONVERSION = YES;
				CLANG_WARN_DEPRECATED_OBJC_IMPLEMENTATIONS = YES;
				CLANG_WARN_DIRECT_OBJC_ISA_USAGE = YES_ERROR;
				CLANG_WARN_DOCUMENTATION_COMMENTS = YES;
				CLANG_WARN_EMPTY_BODY = YES;
				CLANG_WARN_ENUM_CONVERSION = YES;
				CLANG_WARN_INFINITE_RECURSION = YES;
				CLANG_WARN_INT_CONVERSION = YES;
				CLANG_WARN_NON_LITERAL_NULL_CONVERSION = YES;
				CLANG_WARN_OBJC_IMPLICIT_RETAIN_SELF = YES;
				CLANG_WARN_OBJC_LITERAL_CONVERSION = YES;
				CLANG_WARN_OBJC_ROOT_CLASS = YES_ERROR;
				CLANG_WARN_QUOTED_INCLUDE_IN_FRAMEWORK_HEADER = YES;
				CLANG_WARN_RANGE_LOOP_ANALYSIS = YES;
				CLANG_WARN_STRICT_PROTOTYPES = YES;
				CLANG_WARN_SUSPICIOUS_MOVE = YES;
				CLANG_WARN_UNGUARDED_AVAILABILITY = YES_AGGRESSIVE;
				CLANG_WARN_UNREACHABLE_CODE = YES;
				CLANG_WARN__DUPLICATE_METHOD_MATCH = YES;
				COPY_PHASE_STRIP = NO;
				DEBUG_INFORMATION_FORMAT = "dwarf-with-dsym";
				ENABLE_NS_ASSERTIONS = NO;
				ENABLE_STRICT_OBJC_MSGSEND = YES;
				ENABLE_USER_SCRIPT_SANDBOXING = YES;
				GCC_C_LANGUAGE_STANDARD = gnu11;
				GCC_NO_COMMON_BLOCKS = YES;
				GCC_WARN_64_TO_32_BIT_CONVERSION = YES;
				GCC_WARN_ABOUT_RETURN_TYPE = YES_ERROR;
				GCC_WARN_UNDECLARED_SELECTOR = YES;
				GCC_WARN_UNINITIALIZED_AUTOS = YES_AGGRESSIVE;
				GCC_WARN_UNUSED_FUNCTION = YES;
				GCC_WARN_UNUSED_VARIABLE = YES;
				IPHONEOS_DEPLOYMENT_TARGET = 17.0;
				MTL_ENABLE_DEBUG_INFO = NO;
				MTL_FAST_MATH = YES;
				PRODUCT_NAME = "$(TARGET_NAME)";
				SDKROOT = iphoneos;
				SWIFT_COMPILATION_MODE = wholemodule;
				SWIFT_OPTIMIZATION_LEVEL = "-O";
				SWIFT_VERSION = 5.0;
				TARGETED_DEVICE_FAMILY = 1;
			};
			name = Release;
		};
/* End XCBuildConfiguration section */

/* Begin XCConfigurationList section */
		1D2233BE12567D3E6D6FD533 /* Build configuration list for PBXProject "Camork" */ = {
			isa = XCConfigurationList;
			buildConfigurations = (
				73272914D89AEDA9853AE997 /* Debug */,
				B8C77761B2562A16DD6B129D /* Release */,
			);
			defaultConfigurationIsVisible = 0;
			defaultConfigurationName = Debug;
		};
		37FFF82F1C80E673580F0D0B /* Build configuration list for PBXNativeTarget "CamorkTests" */ = {
			isa = XCConfigurationList;
			buildConfigurations = (
				2E05345AC42B4C6B7FDAE173 /* Debug */,
				A66303AE0DD011CB996D5854 /* Release */,
			);
			defaultConfigurationIsVisible = 0;
			defaultConfigurationName = Debug;
		};
		B783EAD948E879C601C7AB76 /* Build configuration list for PBXNativeTarget "Camork" */ = {
			isa = XCConfigurationList;
			buildConfigurations = (
				55455F039342C8BB6F814596 /* Debug */,
				0C12E1D9A27B2FFA073D0E2E /* Release */,
			);
			defaultConfigurationIsVisible = 0;
			defaultConfigurationName = Debug;
		};
/* End XCConfigurationList section */

/* Begin XCRemoteSwiftPackageReference section */
		8880BAD3D5A2B4D58E6AE096 /* XCRemoteSwiftPackageReference "GRDB.swift" */ = {
			isa = XCRemoteSwiftPackageReference;
			repositoryURL = "https://github.com/groue/GRDB.swift.git";
			requirement = {
				kind = exactVersion;
				version = 7.10.0;
			};
		};
/* End XCRemoteSwiftPackageReference section */

/* Begin XCSwiftPackageProductDependency section */
		D9B7771CD3044CEC2329E0CE /* GRDB */ = {
			isa = XCSwiftPackageProductDependency;
			package = 8880BAD3D5A2B4D58E6AE096 /* XCRemoteSwiftPackageReference "GRDB.swift" */;
			productName = GRDB;
		};
/* End XCSwiftPackageProductDependency section */
	};
	rootObject = 86E12914763B2ABAC337532F /* Project object */;
}
