// !$*UTF8*$!
{
	archiveVersion = 1;
	classes = {
	};
	objectVersion = 77;
	objects = {

/* Begin PBXBuildFile section */
		3AC4108BB10CA62BB0A23D68 /* GalleryPlaceholderView.swift in Sources */ = {isa = PBXBuildFile; fileRef = 2D512AE4280E1BBD6A543156 /* GalleryPlaceholderView.swift */; };
		42EEF308903DC1C6B8F66B92 /* CameraPlaceholderView.swift in Sources */ = {isa = PBXBuildFile; fileRef = 896A453377FAFC4AAF165144 /* CameraPlaceholderView.swift */; };
		6BA14EDA68E3D44BF32D733C /* AppBackgroundShield.swift in Sources */ = {isa = PBXBuildFile; fileRef = D174F2FDA24F471B4AE62E98 /* AppBackgroundShield.swift */; };
		75EB773C45562339A9725378 /* CamorkApp.swift in Sources */ = {isa = PBXBuildFile; fileRef = 6C13B28107AE53591B28E00D /* CamorkApp.swift */; };
		826EA30B2A59E53732EB86BE /* RootTabView.swift in Sources */ = {isa = PBXBuildFile; fileRef = 0793057E915500151F00536A /* RootTabView.swift */; };
		B60561066591C0B30242F9A8 /* Assets.xcassets in Resources */ = {isa = PBXBuildFile; fileRef = 9E16FBB8537135AEAA25D510 /* Assets.xcassets */; };
		C1DD0D41120A976F838C5AA2 /* SettingsPlaceholderView.swift in Sources */ = {isa = PBXBuildFile; fileRef = DA5551989CAD799D55F626B9 /* SettingsPlaceholderView.swift */; };
/* End PBXBuildFile section */

/* Begin PBXContainerItemProxy section */
		D733DD2C459F0AB10B2BF145 /* PBXContainerItemProxy */ = {
			isa = PBXContainerItemProxy;
			containerPortal = 86E12914763B2ABAC337532F /* Project object */;
			proxyType = 1;
			remoteGlobalIDString = 56D73A8503567611263AB970;
			remoteInfo = Camork;
		};
/* End PBXContainerItemProxy section */

/* Begin PBXFileReference section */
		0793057E915500151F00536A /* RootTabView.swift */ = {isa = PBXFileReference; lastKnownFileType = sourcecode.swift; path = RootTabView.swift; sourceTree = "<group>"; };
		2D512AE4280E1BBD6A543156 /* GalleryPlaceholderView.swift */ = {isa = PBXFileReference; lastKnownFileType = sourcecode.swift; path = GalleryPlaceholderView.swift; sourceTree = "<group>"; };
		4EF68029697FFE4F2C27ABD8 /* Camork.app */ = {isa = PBXFileReference; includeInIndex = 0; lastKnownFileType = wrapper.application; path = Camork.app; sourceTree = BUILT_PRODUCTS_DIR; };
		6C13B28107AE53591B28E00D /* CamorkApp.swift */ = {isa = PBXFileReference; lastKnownFileType = sourcecode.swift; path = CamorkApp.swift; sourceTree = "<group>"; };
		896A453377FAFC4AAF165144 /* CameraPlaceholderView.swift */ = {isa = PBXFileReference; lastKnownFileType = sourcecode.swift; path = CameraPlaceholderView.swift; sourceTree = "<group>"; };
		991350B9E5716E0F43BF7BEC /* Camork.entitlements */ = {isa = PBXFileReference; lastKnownFileType = text.plist.entitlements; path = Camork.entitlements; sourceTree = "<group>"; };
		9E16FBB8537135AEAA25D510 /* Assets.xcassets */ = {isa = PBXFileReference; lastKnownFileType = folder.assetcatalog; path = Assets.xcassets; sourceTree = "<group>"; };
		BDDFC1D1B9B451D3F4DAA926 /* CamorkTests.xctest */ = {isa = PBXFileReference; includeInIndex = 0; lastKnownFileType = wrapper.cfbundle; path = CamorkTests.xctest; sourceTree = BUILT_PRODUCTS_DIR; };
		D174F2FDA24F471B4AE62E98 /* AppBackgroundShield.swift */ = {isa = PBXFileReference; lastKnownFileType = sourcecode.swift; path = AppBackgroundShield.swift; sourceTree = "<group>"; };
		DA5551989CAD799D55F626B9 /* SettingsPlaceholderView.swift */ = {isa = PBXFileReference; lastKnownFileType = sourcecode.swift; path = SettingsPlaceholderView.swift; sourceTree = "<group>"; };
/* End PBXFileReference section */

/* Begin PBXGroup section */
		23982103FFF5527584024BC1 /* AppShell */ = {
			isa = PBXGroup;
			children = (
				D174F2FDA24F471B4AE62E98 /* AppBackgroundShield.swift */,
			);
			path = AppShell;
			sourceTree = "<group>";
		};
		3745ED33CE9A1FD341909DC6 /* Resources */ = {
			isa = PBXGroup;
			children = (
				9E16FBB8537135AEAA25D510 /* Assets.xcassets */,
			);
			path = Resources;
			sourceTree = "<group>";
		};
		60091220D6B0C226BC4C933E /* DesignSystem */ = {
			isa = PBXGroup;
			children = (
			);
			path = DesignSystem;
			sourceTree = "<group>";
		};
		65DAC50BF9A6EA02861762C3 /* Views */ = {
			isa = PBXGroup;
			children = (
				896A453377FAFC4AAF165144 /* CameraPlaceholderView.swift */,
				2D512AE4280E1BBD6A543156 /* GalleryPlaceholderView.swift */,
				DA5551989CAD799D55F626B9 /* SettingsPlaceholderView.swift */,
			);
			path = Views;
			sourceTree = "<group>";
		};
		690529923AD06EDA2FC195DA /* Camork */ = {
			isa = PBXGroup;
			children = (
				991350B9E5716E0F43BF7BEC /* Camork.entitlements */,
				6C13B28107AE53591B28E00D /* CamorkApp.swift */,
				0793057E915500151F00536A /* RootTabView.swift */,
				23982103FFF5527584024BC1 /* AppShell */,
				60091220D6B0C226BC4C933E /* DesignSystem */,
				3745ED33CE9A1FD341909DC6 /* Resources */,
				65DAC50BF9A6EA02861762C3 /* Views */,
			);
			path = Camork;
			sourceTree = "<group>";
		};
		79E59F8DA354CEA99276F5DE = {
			isa = PBXGroup;
			children = (
				690529923AD06EDA2FC195DA /* Camork */,
				EC8F7C5D938E5ADDA284844A /* CamorkTests */,
				B54CF10CF88D15BF8EE8029F /* Products */,
			);
			sourceTree = "<group>";
		};
		B54CF10CF88D15BF8EE8029F /* Products */ = {
			isa = PBXGroup;
			children = (
				4EF68029697FFE4F2C27ABD8 /* Camork.app */,
				BDDFC1D1B9B451D3F4DAA926 /* CamorkTests.xctest */,
			);
			name = Products;
			sourceTree = "<group>";
		};
		EC8F7C5D938E5ADDA284844A /* CamorkTests */ = {
			isa = PBXGroup;
			children = (
			);
			path = CamorkTests;
			sourceTree = "<group>";
		};
/* End PBXGroup section */

/* Begin PBXNativeTarget section */
		56D73A8503567611263AB970 /* Camork */ = {
			isa = PBXNativeTarget;
			buildConfigurationList = B783EAD948E879C601C7AB76 /* Build configuration list for PBXNativeTarget "Camork" */;
			buildPhases = (
				ED5107ABEADDEC1044B68117 /* Sources */,
				87CFDD9933959080707EAF47 /* Resources */,
			);
			buildRules = (
			);
			dependencies = (
			);
			name = Camork;
			packageProductDependencies = (
			);
			productName = Camork;
			productReference = 4EF68029697FFE4F2C27ABD8 /* Camork.app */;
			productType = "com.apple.product-type.application";
		};
		E85142E447218067936F534C /* CamorkTests */ = {
			isa = PBXNativeTarget;
			buildConfigurationList = 37FFF82F1C80E673580F0D0B /* Build configuration list for PBXNativeTarget "CamorkTests" */;
			buildPhases = (
				61FAB3C61804164C684CCCAD /* Sources */,
			);
			buildRules = (
			);
			dependencies = (
				CC324CA6B52579DBFBAA932C /* PBXTargetDependency */,
			);
			name = CamorkTests;
			packageProductDependencies = (
			);
			productName = CamorkTests;
			productReference = BDDFC1D1B9B451D3F4DAA926 /* CamorkTests.xctest */;
			productType = "com.apple.product-type.bundle.unit-test";
		};
/* End PBXNativeTarget section */

/* Begin PBXProject section */
		86E12914763B2ABAC337532F /* Project object */ = {
			isa = PBXProject;
			attributes = {
				BuildIndependentTargetsInParallel = YES;
				LastUpgradeCheck = 1430;
				TargetAttributes = {
					56D73A8503567611263AB970 = {
						ProvisioningStyle = Automatic;
					};
				};
			};
			buildConfigurationList = 1D2233BE12567D3E6D6FD533 /* Build configuration list for PBXProject "Camork" */;
			compatibilityVersion = "Xcode 14.0";
			developmentRegion = en;
			hasScannedForEncodings = 0;
			knownRegions = (
				Base,
				en,
			);
			mainGroup = 79E59F8DA354CEA99276F5DE;
			minimizedProjectReferenceProxies = 1;
			preferredProjectObjectVersion = 77;
			projectDirPath = "";
			projectRoot = "";
			targets = (
				56D73A8503567611263AB970 /* Camork */,
				E85142E447218067936F534C /* CamorkTests */,
			);
		};
/* End PBXProject section */

/* Begin PBXResourcesBuildPhase section */
		87CFDD9933959080707EAF47 /* Resources */ = {
			isa = PBXResourcesBuildPhase;
			buildActionMask = 2147483647;
			files = (
				B60561066591C0B30242F9A8 /* Assets.xcassets in Resources */,
			);
			runOnlyForDeploymentPostprocessing = 0;
		};
/* End PBXResourcesBuildPhase section */

/* Begin PBXSourcesBuildPhase section */
		61FAB3C61804164C684CCCAD /* Sources */ = {
			isa = PBXSourcesBuildPhase;
			buildActionMask = 2147483647;
			files = (
			);
			runOnlyForDeploymentPostprocessing = 0;
		};
		ED5107ABEADDEC1044B68117 /* Sources */ = {
			isa = PBXSourcesBuildPhase;
			buildActionMask = 2147483647;
			files = (
				6BA14EDA68E3D44BF32D733C /* AppBackgroundShield.swift in Sources */,
				42EEF308903DC1C6B8F66B92 /* CameraPlaceholderView.swift in Sources */,
				75EB773C45562339A9725378 /* CamorkApp.swift in Sources */,
				3AC4108BB10CA62BB0A23D68 /* GalleryPlaceholderView.swift in Sources */,
				826EA30B2A59E53732EB86BE /* RootTabView.swift in Sources */,
				C1DD0D41120A976F838C5AA2 /* SettingsPlaceholderView.swift in Sources */,
			);
			runOnlyForDeploymentPostprocessing = 0;
		};
/* End PBXSourcesBuildPhase section */

/* Begin PBXTargetDependency section */
		CC324CA6B52579DBFBAA932C /* PBXTargetDependency */ = {
			isa = PBXTargetDependency;
			target = 56D73A8503567611263AB970 /* Camork */;
			targetProxy = D733DD2C459F0AB10B2BF145 /* PBXContainerItemProxy */;
		};
/* End PBXTargetDependency section */

/* Begin XCBuildConfiguration section */
		0C12E1D9A27B2FFA073D0E2E /* Release */ = {
			isa = XCBuildConfiguration;
			buildSettings = {
				ASSETCATALOG_COMPILER_APPICON_NAME = AppIcon;
				ASSETCATALOG_COMPILER_GLOBAL_ACCENT_COLOR_NAME = AccentColor;
				CODE_SIGN_ENTITLEMENTS = Camork/Camork.entitlements;
				CODE_SIGN_IDENTITY = "iPhone Developer";
				CODE_SIGN_STYLE = Automatic;
				CURRENT_PROJECT_VERSION = 1;
				ENABLE_PREVIEWS = YES;
				INFOPLIST_FILE = Camork/Info.plist;
				LD_RUNPATH_SEARCH_PATHS = (
					"$(inherited)",
					"@executable_path/Frameworks",
				);
				MARKETING_VERSION = 1.0.0;
				PRODUCT_BUNDLE_IDENTIFIER = com.camork.app;
				SDKROOT = iphoneos;
				SWIFT_EMIT_LOC_STRINGS = YES;
				TARGETED_DEVICE_FAMILY = "1,2";
			};
			name = Release;
		};
		2E05345AC42B4C6B7FDAE173 /* Debug */ = {
			isa = XCBuildConfiguration;
			buildSettings = {
				BUNDLE_LOADER = "$(TEST_HOST)";
				LD_RUNPATH_SEARCH_PATHS = (
					"$(inherited)",
					"@executable_path/Frameworks",
					"@loader_path/Frameworks",
				);
				PRODUCT_BUNDLE_IDENTIFIER = com.camork.CamorkTests;
				SDKROOT = iphoneos;
				TARGETED_DEVICE_FAMILY = "1,2";
				TEST_HOST = "$(BUILT_PRODUCTS_DIR)/Camork.app/Camork";
			};
			name = Debug;
		};
		55455F039342C8BB6F814596 /* Debug */ = {
			isa = XCBuildConfiguration;
			buildSettings = {
				ASSETCATALOG_COMPILER_APPICON_NAME = AppIcon;
				ASSETCATALOG_COMPILER_GLOBAL_ACCENT_COLOR_NAME = AccentColor;
				CODE_SIGN_ENTITLEMENTS = Camork/Camork.entitlements;
				CODE_SIGN_IDENTITY = "iPhone Developer";
				CODE_SIGN_STYLE = Automatic;
				CURRENT_PROJECT_VERSION = 1;
				ENABLE_PREVIEWS = YES;
				INFOPLIST_FILE = Camork/Info.plist;
				LD_RUNPATH_SEARCH_PATHS = (
					"$(inherited)",
					"@executable_path/Frameworks",
				);
				MARKETING_VERSION = 1.0.0;
				PRODUCT_BUNDLE_IDENTIFIER = com.camork.app;
				SDKROOT = iphoneos;
				SWIFT_EMIT_LOC_STRINGS = YES;
				TARGETED_DEVICE_FAMILY = "1,2";
			};
			name = Debug;
		};
		73272914D89AEDA9853AE997 /* Debug */ = {
			isa = XCBuildConfiguration;
			buildSettings = {
				ALWAYS_SEARCH_USER_PATHS = NO;
				CLANG_ANALYZER_NONNULL = YES;
				CLANG_ANALYZER_NUMBER_OBJECT_CONVERSION = YES_AGGRESSIVE;
				CLANG_CXX_LANGUAGE_STANDARD = "gnu++14";
				CLANG_CXX_LIBRARY = "libc++";
				CLANG_ENABLE_MODULES = YES;
				CLANG_ENABLE_OBJC_ARC = YES;
				CLANG_ENABLE_OBJC_WEAK = YES;
				CLANG_WARN_BLOCK_CAPTURE_AUTORELEASING = YES;
				CLANG_WARN_BOOL_CONVERSION = YES;
				CLANG_WARN_COMMA = YES;
				CLANG_WARN_CONSTANT_CONVERSION = YES;
				CLANG_WARN_DEPRECATED_OBJC_IMPLEMENTATIONS = YES;
				CLANG_WARN_DIRECT_OBJC_ISA_USAGE = YES_ERROR;
				CLANG_WARN_DOCUMENTATION_COMMENTS = YES;
				CLANG_WARN_EMPTY_BODY = YES;
				CLANG_WARN_ENUM_CONVERSION = YES;
				CLANG_WARN_INFINITE_RECURSION = YES;
				CLANG_WARN_INT_CONVERSION = YES;
				CLANG_WARN_NON_LITERAL_NULL_CONVERSION = YES;
				CLANG_WARN_OBJC_IMPLICIT_RETAIN_SELF = YES;
				CLANG_WARN_OBJC_LITERAL_CONVERSION = YES;
				CLANG_WARN_OBJC_ROOT_CLASS = YES_ERROR;
				CLANG_WARN_QUOTED_INCLUDE_IN_FRAMEWORK_HEADER = YES;
				CLANG_WARN_RANGE_LOOP_ANALYSIS = YES;
				CLANG_WARN_STRICT_PROTOTYPES = YES;
				CLANG_WARN_SUSPICIOUS_MOVE = YES;
				CLANG_WARN_UNGUARDED_AVAILABILITY = YES_AGGRESSIVE;
				CLANG_WARN_UNREACHABLE_CODE = YES;
				CLANG_WARN__DUPLICATE_METHOD_MATCH = YES;
				COPY_PHASE_STRIP = NO;
				DEBUG_INFORMATION_FORMAT = dwarf;
				ENABLE_STRICT_OBJC_MSGSEND = YES;
				ENABLE_TESTABILITY = YES;
				ENABLE_USER_SCRIPT_SANDBOXING = YES;
				GCC_C_LANGUAGE_STANDARD = gnu11;
				GCC_DYNAMIC_NO_PIC = NO;
				GCC_NO_COMMON_BLOCKS = YES;
				GCC_OPTIMIZATION_LEVEL = 0;
				GCC_PREPROCESSOR_DEFINITIONS = (
					"$(inherited)",
					"DEBUG=1",
				);
				GCC_WARN_64_TO_32_BIT_CONVERSION = YES;
				GCC_WARN_ABOUT_RETURN_TYPE = YES_ERROR;
				GCC_WARN_UNDECLARED_SELECTOR = YES;
				GCC_WARN_UNINITIALIZED_AUTOS = YES_AGGRESSIVE;
				GCC_WARN_UNUSED_FUNCTION = YES;
				GCC_WARN_UNUSED_VARIABLE = YES;
				IPHONEOS_DEPLOYMENT_TARGET = 17.0;
				MTL_ENABLE_DEBUG_INFO = INCLUDE_SOURCE;
				MTL_FAST_MATH = YES;
				ONLY_ACTIVE_ARCH = YES;
				PRODUCT_NAME = "$(TARGET_NAME)";
				SDKROOT = iphoneos;
				SWIFT_ACTIVE_COMPILATION_CONDITIONS = DEBUG;
				SWIFT_OPTIMIZATION_LEVEL = "-Onone";
				SWIFT_VERSION = 5.0;
				TARGETED_DEVICE_FAMILY = 1;
			};
			name = Debug;
		};
		A66303AE0DD011CB996D5854 /* Release */ = {
			isa = XCBuildConfiguration;
			buildSettings = {
				BUNDLE_LOADER = "$(TEST_HOST)";
				LD_RUNPATH_SEARCH_PATHS = (
					"$(inherited)",
					"@executable_path/Frameworks",
					"@loader_path/Frameworks",
				);
				PRODUCT_BUNDLE_IDENTIFIER = com.camork.CamorkTests;
				SDKROOT = iphoneos;
				TARGETED_DEVICE_FAMILY = "1,2";
				TEST_HOST = "$(BUILT_PRODUCTS_DIR)/Camork.app/Camork";
			};
			name = Release;
		};
		B8C77761B2562A16DD6B129D /* Release */ = {
			isa = XCBuildConfiguration;
			buildSettings = {
				ALWAYS_SEARCH_USER_PATHS = NO;
				CLANG_ANALYZER_NONNULL = YES;
				CLANG_ANALYZER_NUMBER_OBJECT_CONVERSION = YES_AGGRESSIVE;
				CLANG_CXX_LANGUAGE_STANDARD = "gnu++14";
				CLANG_CXX_LIBRARY = "libc++";
				CLANG_ENABLE_MODULES = YES;
				CLANG_ENABLE_OBJC_ARC = YES;
				CLANG_ENABLE_OBJC_WEAK = YES;
				CLANG_WARN_BLOCK_CAPTURE_AUTORELEASING = YES;
				CLANG_WARN_BOOL_CONVERSION = YES;
				CLANG_WARN_COMMA = YES;
				CLANG_WARN_CONSTANT_CONVERSION = YES;
				CLANG_WARN_DEPRECATED_OBJC_IMPLEMENTATIONS = YES;
				CLANG_WARN_DIRECT_OBJC_ISA_USAGE = YES_ERROR;
				CLANG_WARN_DOCUMENTATION_COMMENTS = YES;
				CLANG_WARN_EMPTY_BODY = YES;
				CLANG_WARN_ENUM_CONVERSION = YES;
				CLANG_WARN_INFINITE_RECURSION = YES;
				CLANG_WARN_INT_CONVERSION = YES;
				CLANG_WARN_NON_LITERAL_NULL_CONVERSION = YES;
				CLANG_WARN_OBJC_IMPLICIT_RETAIN_SELF = YES;
				CLANG_WARN_OBJC_LITERAL_CONVERSION = YES;
				CLANG_WARN_OBJC_ROOT_CLASS = YES_ERROR;
				CLANG_WARN_QUOTED_INCLUDE_IN_FRAMEWORK_HEADER = YES;
				CLANG_WARN_RANGE_LOOP_ANALYSIS = YES;
				CLANG_WARN_STRICT_PROTOTYPES = YES;
				CLANG_WARN_SUSPICIOUS_MOVE = YES;
				CLANG_WARN_UNGUARDED_AVAILABILITY = YES_AGGRESSIVE;
				CLANG_WARN_UNREACHABLE_CODE = YES;
				CLANG_WARN__DUPLICATE_METHOD_MATCH = YES;
				COPY_PHASE_STRIP = NO;
				DEBUG_INFORMATION_FORMAT = "dwarf-with-dsym";
				ENABLE_NS_ASSERTIONS = NO;
				ENABLE_STRICT_OBJC_MSGSEND = YES;
				ENABLE_USER_SCRIPT_SANDBOXING = YES;
				GCC_C_LANGUAGE_STANDARD = gnu11;
				GCC_NO_COMMON_BLOCKS = YES;
				GCC_WARN_64_TO_32_BIT_CONVERSION = YES;
				GCC_WARN_ABOUT_RETURN_TYPE = YES_ERROR;
				GCC_WARN_UNDECLARED_SELECTOR = YES;
				GCC_WARN_UNINITIALIZED_AUTOS = YES_AGGRESSIVE;
				GCC_WARN_UNUSED_FUNCTION = YES;
				GCC_WARN_UNUSED_VARIABLE = YES;
				IPHONEOS_DEPLOYMENT_TARGET = 17.0;
				MTL_ENABLE_DEBUG_INFO = NO;
				MTL_FAST_MATH = YES;
				PRODUCT_NAME = "$(TARGET_NAME)";
				SDKROOT = iphoneos;
				SWIFT_COMPILATION_MODE = wholemodule;
				SWIFT_OPTIMIZATION_LEVEL = "-O";
				SWIFT_VERSION = 5.0;
				TARGETED_DEVICE_FAMILY = 1;
			};
			name = Release;
		};
/* End XCBuildConfiguration section */

/* Begin XCConfigurationList section */
		1D2233BE12567D3E6D6FD533 /* Build configuration list for PBXProject "Camork" */ = {
			isa = XCConfigurationList;
			buildConfigurations = (
				73272914D89AEDA9853AE997 /* Debug */,
				B8C77761B2562A16DD6B129D /* Release */,
			);
			defaultConfigurationIsVisible = 0;
			defaultConfigurationName = Debug;
		};
		37FFF82F1C80E673580F0D0B /* Build configuration list for PBXNativeTarget "CamorkTests" */ = {
			isa = XCConfigurationList;
			buildConfigurations = (
				2E05345AC42B4C6B7FDAE173 /* Debug */,
				A66303AE0DD011CB996D5854 /* Release */,
			);
			defaultConfigurationIsVisible = 0;
			defaultConfigurationName = Debug;
		};
		B783EAD948E879C601C7AB76 /* Build configuration list for PBXNativeTarget "Camork" */ = {
			isa = XCConfigurationList;
			buildConfigurations = (
				55455F039342C8BB6F814596 /* Debug */,
				0C12E1D9A27B2FFA073D0E2E /* Release */,
			);
			defaultConfigurationIsVisible = 0;
			defaultConfigurationName = Debug;
		};
/* End XCConfigurationList section */
	};
	rootObject = 86E12914763B2ABAC337532F /* Project object */;
}
